
Microsoft Visual Studio Solution File, Format Version 12.00
# Visual Studio 15
Project("{FAE04EC0-301F-11D3-BF4B-00C04F79EFBC}") = "Assembly-CSharp", "Assembly-CSharp.csproj", "{BF22C67B-CED3-DBFC-2AD9-50A42381673C}"
EndProject
Project("{FAE04EC0-301F-11D3-BF4B-00C04F79EFBC}") = "VuforiaScripts", "VuforiaScripts.csproj", "{525BAE15-A12D-CB21-58C0-204E2A5ADC58}"
EndProject
Project("{FAE04EC0-301F-11D3-BF4B-00C04F79EFBC}") = "VuforiaEditorScripts", "VuforiaEditorScripts.csproj", "{00B59431-CE68-76DF-ECFE-247AACA5302F}"
EndProject
Global
	GlobalSection(SolutionConfigurationPlatforms) = preSolution
		Debug|Any CPU = Debug|Any CPU
		Release|Any CPU = Release|Any CPU
	EndGlobalSection
	GlobalSection(ProjectConfigurationPlatforms) = postSolution
		{BF22C67B-CED3-DBFC-2AD9-50A42381673C}.Debug|Any CPU.ActiveCfg = Debug|Any CPU
		{BF22C67B-CED3-DBFC-2AD9-50A42381673C}.Debug|Any CPU.Build.0 = Debug|Any CPU
		{BF22C67B-CED3-DBFC-2AD9-50A42381673C}.Release|Any CPU.ActiveCfg = Release|Any CPU
		{BF22C67B-CED3-DBFC-2AD9-50A42381673C}.Release|Any CPU.Build.0 = Release|Any CPU
		{525BAE15-A12D-CB21-58C0-204E2A5ADC58}.Debug|Any CPU.ActiveCfg = Debug|Any CPU
		{525BAE15-A12D-CB21-58C0-204E2A5ADC58}.Debug|Any CPU.Build.0 = Debug|Any CPU
		{525BAE15-A12D-CB21-58C0-204E2A5ADC58}.Release|Any CPU.ActiveCfg = Release|Any CPU
		{525BAE15-A12D-CB21-58C0-204E2A5ADC58}.Release|Any CPU.Build.0 = Release|Any CPU
		{00B59431-CE68-76DF-ECFE-247AACA5302F}.Debug|Any CPU.ActiveCfg = Debug|Any CPU
		{00B59431-CE68-76DF-ECFE-247AACA5302F}.Debug|Any CPU.Build.0 = Debug|Any CPU
		{00B59431-CE68-76DF-ECFE-247AACA5302F}.Release|Any CPU.ActiveCfg = Release|Any CPU
		{00B59431-CE68-76DF-ECFE-247AACA5302F}.Release|Any CPU.Build.0 = Release|Any CPU
	EndGlobalSection
	GlobalSection(SolutionProperties) = preSolution
		HideSolutionNode = FALSE
	EndGlobalSection
EndGlobal
